{
  "requires": true,
  "lockfileVersion": 1,
  "dependencies": {
    "form-urlencoded": {
      "version": "4.2.1",
      "resolved": "https://registry.npmjs.org/form-urlencoded/-/form-urlencoded-4.2.1.tgz",
      "integrity": "sha512-0eFJroOH2qaqc/630d4YZpmsyKmh6sfq/1z3YMXvFab0O6teGnf8640C7gufikwbQJFaC6nPlG4d/GiYVN+Dcw=="
    }
  }
}
